
Microsoft Visual Studio Solution File, Format Version 12.00
# Visual Studio Version 17
VisualStudioVersion = 17.5.33516.290
MinimumVisualStudioVersion = 10.0.40219.1
Project("{2150E333-8FDC-42A3-9474-1A3956D46DE8}") = "ApplicationTestPlatform", "ApplicationTestPlatform", "{A210E3D5-DE1C-491C-916D-9B0E44EACEE0}"
EndProject
Project("{2150E333-8FDC-42A3-9474-1A3956D46DE8}") = "Client", "Client", "{6E1B15AA-52F5-4846-9598-D6F80EBEDA4C}"
EndProject
Project("{FAE04EC0-301F-11D3-BF4B-00C04F79EFBC}") = "Decen.Client.TestPlatform", "ApplicationTestPlatform\Client\Decen.Client.TestPlatform\Decen.Client.TestPlatform.csproj", "{9FED29C5-50EF-4FE9-9530-5780608BB2C8}"
EndProject
Project("{2150E333-8FDC-42A3-9474-1A3956D46DE8}") = "BI", "BI", "{CDD2E51F-3393-4AE7-A8E6-0207ED4AEEB8}"
EndProject
Project("{2150E333-8FDC-42A3-9474-1A3956D46DE8}") = "Report", "Report", "{F0B6CD03-4830-4F3C-93F6-3A3B58797992}"
EndProject
Project("{2150E333-8FDC-42A3-9474-1A3956D46DE8}") = "Tool", "Tool", "{14E5EEA7-6C35-4F2E-8590-4F66B89CFA0C}"
EndProject
Project("{FAE04EC0-301F-11D3-BF4B-00C04F79EFBC}") = "Decen.BI.Report.Data", "BI\Report\Decen.BI.Report.Data\Decen.BI.Report.Data.csproj", "{3B6BCCCB-9274-4918-8E8F-2D28E76DFAB1}"
EndProject
Project("{FAE04EC0-301F-11D3-BF4B-00C04F79EFBC}") = "Decen.BI.Report.Service", "BI\Report\Decen.BI.Report.Service\Decen.BI.Report.Service.csproj", "{4210EF6B-EC46-4D09-AD47-FDB9F715CB13}"
EndProject
Project("{FAE04EC0-301F-11D3-BF4B-00C04F79EFBC}") = "Decen.BI.Tool.Drive", "BI\Tool\Decen.BI.Tool.Drive\Decen.BI.Tool.Drive.csproj", "{CCA69005-B783-4500-BCE3-BC3EF68331ED}"
EndProject
Project("{2150E333-8FDC-42A3-9474-1A3956D46DE8}") = "Common", "Common", "{BC9C8BA6-00D7-4EDE-88C9-3580353BD9F8}"
EndProject
Project("{9A19103F-16F7-4668-BE54-9A1E7A4F7556}") = "Decen.Common.Extensions", "Common\Decen.Common.Extensions\Decen.Common.Extensions.csproj", "{D73973FC-6F4C-4450-B400-62D48CBD0F55}"
EndProject
Project("{9A19103F-16F7-4668-BE54-9A1E7A4F7556}") = "Decen.Common.Helpers", "Common\Decen.Common.Helpers\Decen.Common.Helpers.csproj", "{58CE4206-1691-4A38-9D3B-628BBEEB5DD2}"
EndProject
Project("{9A19103F-16F7-4668-BE54-9A1E7A4F7556}") = "Decen.Common.Logs", "Common\Decen.Common.Logs\Decen.Common.Logs.csproj", "{39F2F3E7-9BA6-433A-A6A2-458F8557A60D}"
EndProject
Project("{9A19103F-16F7-4668-BE54-9A1E7A4F7556}") = "Decen.Common.Utils", "Common\Decen.Common.Utils\Decen.Common.Utils.csproj", "{E8F7F117-CAF0-4778-9728-F669162AF0E3}"
EndProject
Project("{9A19103F-16F7-4668-BE54-9A1E7A4F7556}") = "Decen.Common.BaseInterface", "Common\Decen.Common.BaseInterface\Decen.Common.BaseInterface.csproj", "{E04CEF1E-685E-48E7-B140-8ADF49508128}"
EndProject
Project("{2150E333-8FDC-42A3-9474-1A3956D46DE8}") = "Core", "Core", "{BEFCE5B2-8FA1-471C-AF77-4854A08FCB1E}"
EndProject
Project("{2150E333-8FDC-42A3-9474-1A3956D46DE8}") = "Laboratory", "Laboratory", "{1CBBD0CE-A5FC-40ED-84C1-D4926C4B31C7}"
EndProject
Project("{FAE04EC0-301F-11D3-BF4B-00C04F79EFBC}") = "Decen.Core.Laboratory.Entity", "Core\Laboratory\Decen.Core.Laboratory.Entity\Decen.Core.Laboratory.Entity.csproj", "{0475A703-28E5-4568-B3A4-5A78A2959444}"
EndProject
Project("{FAE04EC0-301F-11D3-BF4B-00C04F79EFBC}") = "Decen.Core.Laboratory.Service", "Core\Laboratory\Decen.Core.Laboratory.Service\Decen.Core.Laboratory.Service.csproj", "{E65EFD6D-CE89-4869-9B67-6BF8BF03CE9A}"
EndProject
Project("{9A19103F-16F7-4668-BE54-9A1E7A4F7556}") = "Decen.Client.ToolkitMvvm", "ApplicationTestPlatform\Client\Decen.Client.ToolkitMvvm\Decen.Client.ToolkitMvvm.csproj", "{467B357F-D38E-4078-B202-6FC8321BA3B4}"
EndProject
Project("{2150E333-8FDC-42A3-9474-1A3956D46DE8}") = "Document", "Document", "{93F2960F-E0BF-4441-A3A8-E9681EFD611B}"
EndProject
Project("{FAE04EC0-301F-11D3-BF4B-00C04F79EFBC}") = "Decen.Document.Utils", "Document\Decen.Document.Utils\Decen.Document.Utils.csproj", "{E04296E6-5D4A-468F-BCCB-9B182AE09FCA}"
EndProject
Project("{2150E333-8FDC-42A3-9474-1A3956D46DE8}") = "BasicInterface", "BasicInterface", "{569B237B-A19C-441E-9CE9-B76E3007913C}"
EndProject
Project("{FAE04EC0-301F-11D3-BF4B-00C04F79EFBC}") = "Decen.BasicInterface.Sockets", "BasicInterface\Decen.BasicInterface.Sockets\Decen.BasicInterface.Sockets.csproj", "{FBA275EA-A4CA-4498-AF1E-D5C335DF9F44}"
EndProject
Project("{2150E333-8FDC-42A3-9474-1A3956D46DE8}") = "Basic", "Basic", "{A5DD3AB3-9F79-413B-9682-1A7AC1F0F3CC}"
EndProject
Project("{FAE04EC0-301F-11D3-BF4B-00C04F79EFBC}") = "Decen.Core.Basic.Entity", "Core\Basic\Decen.Core.Basic.Entity\Decen.Core.Basic.Entity.csproj", "{009EAE93-5CDB-42DC-A5B2-46AA53FBB63F}"
EndProject
Project("{FAE04EC0-301F-11D3-BF4B-00C04F79EFBC}") = "Decen.Core.Basic.Service", "Core\Basic\Decen.Core.Basic.Service\Decen.Core.Basic.Service.csproj", "{5A1225A4-05DE-4836-8DA6-8F2A3A07559E}"
EndProject
Global
	GlobalSection(SolutionConfigurationPlatforms) = preSolution
		Debug|Any CPU = Debug|Any CPU
		Release|Any CPU = Release|Any CPU
	EndGlobalSection
	GlobalSection(ProjectConfigurationPlatforms) = postSolution
		{9FED29C5-50EF-4FE9-9530-5780608BB2C8}.Debug|Any CPU.ActiveCfg = Debug|Any CPU
		{9FED29C5-50EF-4FE9-9530-5780608BB2C8}.Debug|Any CPU.Build.0 = Debug|Any CPU
		{9FED29C5-50EF-4FE9-9530-5780608BB2C8}.Release|Any CPU.ActiveCfg = Release|Any CPU
		{9FED29C5-50EF-4FE9-9530-5780608BB2C8}.Release|Any CPU.Build.0 = Release|Any CPU
		{3B6BCCCB-9274-4918-8E8F-2D28E76DFAB1}.Debug|Any CPU.ActiveCfg = Debug|Any CPU
		{3B6BCCCB-9274-4918-8E8F-2D28E76DFAB1}.Debug|Any CPU.Build.0 = Debug|Any CPU
		{3B6BCCCB-9274-4918-8E8F-2D28E76DFAB1}.Release|Any CPU.ActiveCfg = Release|Any CPU
		{3B6BCCCB-9274-4918-8E8F-2D28E76DFAB1}.Release|Any CPU.Build.0 = Release|Any CPU
		{4210EF6B-EC46-4D09-AD47-FDB9F715CB13}.Debug|Any CPU.ActiveCfg = Debug|Any CPU
		{4210EF6B-EC46-4D09-AD47-FDB9F715CB13}.Debug|Any CPU.Build.0 = Debug|Any CPU
		{4210EF6B-EC46-4D09-AD47-FDB9F715CB13}.Release|Any CPU.ActiveCfg = Release|Any CPU
		{4210EF6B-EC46-4D09-AD47-FDB9F715CB13}.Release|Any CPU.Build.0 = Release|Any CPU
		{CCA69005-B783-4500-BCE3-BC3EF68331ED}.Debug|Any CPU.ActiveCfg = Debug|Any CPU
		{CCA69005-B783-4500-BCE3-BC3EF68331ED}.Debug|Any CPU.Build.0 = Debug|Any CPU
		{CCA69005-B783-4500-BCE3-BC3EF68331ED}.Release|Any CPU.ActiveCfg = Release|Any CPU
		{CCA69005-B783-4500-BCE3-BC3EF68331ED}.Release|Any CPU.Build.0 = Release|Any CPU
		{D73973FC-6F4C-4450-B400-62D48CBD0F55}.Debug|Any CPU.ActiveCfg = Debug|Any CPU
		{D73973FC-6F4C-4450-B400-62D48CBD0F55}.Debug|Any CPU.Build.0 = Debug|Any CPU
		{D73973FC-6F4C-4450-B400-62D48CBD0F55}.Release|Any CPU.ActiveCfg = Release|Any CPU
		{D73973FC-6F4C-4450-B400-62D48CBD0F55}.Release|Any CPU.Build.0 = Release|Any CPU
		{58CE4206-1691-4A38-9D3B-628BBEEB5DD2}.Debug|Any CPU.ActiveCfg = Debug|Any CPU
		{58CE4206-1691-4A38-9D3B-628BBEEB5DD2}.Debug|Any CPU.Build.0 = Debug|Any CPU
		{58CE4206-1691-4A38-9D3B-628BBEEB5DD2}.Release|Any CPU.ActiveCfg = Release|Any CPU
		{58CE4206-1691-4A38-9D3B-628BBEEB5DD2}.Release|Any CPU.Build.0 = Release|Any CPU
		{39F2F3E7-9BA6-433A-A6A2-458F8557A60D}.Debug|Any CPU.ActiveCfg = Debug|Any CPU
		{39F2F3E7-9BA6-433A-A6A2-458F8557A60D}.Debug|Any CPU.Build.0 = Debug|Any CPU
		{39F2F3E7-9BA6-433A-A6A2-458F8557A60D}.Release|Any CPU.ActiveCfg = Release|Any CPU
		{39F2F3E7-9BA6-433A-A6A2-458F8557A60D}.Release|Any CPU.Build.0 = Release|Any CPU
		{E8F7F117-CAF0-4778-9728-F669162AF0E3}.Debug|Any CPU.ActiveCfg = Debug|Any CPU
		{E8F7F117-CAF0-4778-9728-F669162AF0E3}.Debug|Any CPU.Build.0 = Debug|Any CPU
		{E8F7F117-CAF0-4778-9728-F669162AF0E3}.Release|Any CPU.ActiveCfg = Release|Any CPU
		{E8F7F117-CAF0-4778-9728-F669162AF0E3}.Release|Any CPU.Build.0 = Release|Any CPU
		{E04CEF1E-685E-48E7-B140-8ADF49508128}.Debug|Any CPU.ActiveCfg = Debug|Any CPU
		{E04CEF1E-685E-48E7-B140-8ADF49508128}.Debug|Any CPU.Build.0 = Debug|Any CPU
		{E04CEF1E-685E-48E7-B140-8ADF49508128}.Release|Any CPU.ActiveCfg = Release|Any CPU
		{E04CEF1E-685E-48E7-B140-8ADF49508128}.Release|Any CPU.Build.0 = Release|Any CPU
		{0475A703-28E5-4568-B3A4-5A78A2959444}.Debug|Any CPU.ActiveCfg = Debug|Any CPU
		{0475A703-28E5-4568-B3A4-5A78A2959444}.Debug|Any CPU.Build.0 = Debug|Any CPU
		{0475A703-28E5-4568-B3A4-5A78A2959444}.Release|Any CPU.ActiveCfg = Release|Any CPU
		{0475A703-28E5-4568-B3A4-5A78A2959444}.Release|Any CPU.Build.0 = Release|Any CPU
		{E65EFD6D-CE89-4869-9B67-6BF8BF03CE9A}.Debug|Any CPU.ActiveCfg = Debug|Any CPU
		{E65EFD6D-CE89-4869-9B67-6BF8BF03CE9A}.Debug|Any CPU.Build.0 = Debug|Any CPU
		{E65EFD6D-CE89-4869-9B67-6BF8BF03CE9A}.Release|Any CPU.ActiveCfg = Release|Any CPU
		{E65EFD6D-CE89-4869-9B67-6BF8BF03CE9A}.Release|Any CPU.Build.0 = Release|Any CPU
		{467B357F-D38E-4078-B202-6FC8321BA3B4}.Debug|Any CPU.ActiveCfg = Debug|Any CPU
		{467B357F-D38E-4078-B202-6FC8321BA3B4}.Debug|Any CPU.Build.0 = Debug|Any CPU
		{467B357F-D38E-4078-B202-6FC8321BA3B4}.Release|Any CPU.ActiveCfg = Release|Any CPU
		{467B357F-D38E-4078-B202-6FC8321BA3B4}.Release|Any CPU.Build.0 = Release|Any CPU
		{E04296E6-5D4A-468F-BCCB-9B182AE09FCA}.Debug|Any CPU.ActiveCfg = Debug|Any CPU
		{E04296E6-5D4A-468F-BCCB-9B182AE09FCA}.Debug|Any CPU.Build.0 = Debug|Any CPU
		{E04296E6-5D4A-468F-BCCB-9B182AE09FCA}.Release|Any CPU.ActiveCfg = Release|Any CPU
		{E04296E6-5D4A-468F-BCCB-9B182AE09FCA}.Release|Any CPU.Build.0 = Release|Any CPU
		{FBA275EA-A4CA-4498-AF1E-D5C335DF9F44}.Debug|Any CPU.ActiveCfg = Debug|Any CPU
		{FBA275EA-A4CA-4498-AF1E-D5C335DF9F44}.Debug|Any CPU.Build.0 = Debug|Any CPU
		{FBA275EA-A4CA-4498-AF1E-D5C335DF9F44}.Release|Any CPU.ActiveCfg = Release|Any CPU
		{FBA275EA-A4CA-4498-AF1E-D5C335DF9F44}.Release|Any CPU.Build.0 = Release|Any CPU
		{009EAE93-5CDB-42DC-A5B2-46AA53FBB63F}.Debug|Any CPU.ActiveCfg = Debug|Any CPU
		{009EAE93-5CDB-42DC-A5B2-46AA53FBB63F}.Debug|Any CPU.Build.0 = Debug|Any CPU
		{009EAE93-5CDB-42DC-A5B2-46AA53FBB63F}.Release|Any CPU.ActiveCfg = Release|Any CPU
		{009EAE93-5CDB-42DC-A5B2-46AA53FBB63F}.Release|Any CPU.Build.0 = Release|Any CPU
		{5A1225A4-05DE-4836-8DA6-8F2A3A07559E}.Debug|Any CPU.ActiveCfg = Debug|Any CPU
		{5A1225A4-05DE-4836-8DA6-8F2A3A07559E}.Debug|Any CPU.Build.0 = Debug|Any CPU
		{5A1225A4-05DE-4836-8DA6-8F2A3A07559E}.Release|Any CPU.ActiveCfg = Release|Any CPU
		{5A1225A4-05DE-4836-8DA6-8F2A3A07559E}.Release|Any CPU.Build.0 = Release|Any CPU
	EndGlobalSection
	GlobalSection(SolutionProperties) = preSolution
		HideSolutionNode = FALSE
	EndGlobalSection
	GlobalSection(NestedProjects) = preSolution
		{6E1B15AA-52F5-4846-9598-D6F80EBEDA4C} = {A210E3D5-DE1C-491C-916D-9B0E44EACEE0}
		{9FED29C5-50EF-4FE9-9530-5780608BB2C8} = {6E1B15AA-52F5-4846-9598-D6F80EBEDA4C}
		{F0B6CD03-4830-4F3C-93F6-3A3B58797992} = {CDD2E51F-3393-4AE7-A8E6-0207ED4AEEB8}
		{14E5EEA7-6C35-4F2E-8590-4F66B89CFA0C} = {CDD2E51F-3393-4AE7-A8E6-0207ED4AEEB8}
		{3B6BCCCB-9274-4918-8E8F-2D28E76DFAB1} = {F0B6CD03-4830-4F3C-93F6-3A3B58797992}
		{4210EF6B-EC46-4D09-AD47-FDB9F715CB13} = {F0B6CD03-4830-4F3C-93F6-3A3B58797992}
		{CCA69005-B783-4500-BCE3-BC3EF68331ED} = {14E5EEA7-6C35-4F2E-8590-4F66B89CFA0C}
		{D73973FC-6F4C-4450-B400-62D48CBD0F55} = {BC9C8BA6-00D7-4EDE-88C9-3580353BD9F8}
		{58CE4206-1691-4A38-9D3B-628BBEEB5DD2} = {BC9C8BA6-00D7-4EDE-88C9-3580353BD9F8}
		{39F2F3E7-9BA6-433A-A6A2-458F8557A60D} = {BC9C8BA6-00D7-4EDE-88C9-3580353BD9F8}
		{E8F7F117-CAF0-4778-9728-F669162AF0E3} = {BC9C8BA6-00D7-4EDE-88C9-3580353BD9F8}
		{E04CEF1E-685E-48E7-B140-8ADF49508128} = {BC9C8BA6-00D7-4EDE-88C9-3580353BD9F8}
		{1CBBD0CE-A5FC-40ED-84C1-D4926C4B31C7} = {BEFCE5B2-8FA1-471C-AF77-4854A08FCB1E}
		{0475A703-28E5-4568-B3A4-5A78A2959444} = {1CBBD0CE-A5FC-40ED-84C1-D4926C4B31C7}
		{E65EFD6D-CE89-4869-9B67-6BF8BF03CE9A} = {1CBBD0CE-A5FC-40ED-84C1-D4926C4B31C7}
		{467B357F-D38E-4078-B202-6FC8321BA3B4} = {6E1B15AA-52F5-4846-9598-D6F80EBEDA4C}
		{E04296E6-5D4A-468F-BCCB-9B182AE09FCA} = {93F2960F-E0BF-4441-A3A8-E9681EFD611B}
		{FBA275EA-A4CA-4498-AF1E-D5C335DF9F44} = {569B237B-A19C-441E-9CE9-B76E3007913C}
		{A5DD3AB3-9F79-413B-9682-1A7AC1F0F3CC} = {BEFCE5B2-8FA1-471C-AF77-4854A08FCB1E}
		{009EAE93-5CDB-42DC-A5B2-46AA53FBB63F} = {A5DD3AB3-9F79-413B-9682-1A7AC1F0F3CC}
		{5A1225A4-05DE-4836-8DA6-8F2A3A07559E} = {A5DD3AB3-9F79-413B-9682-1A7AC1F0F3CC}
	EndGlobalSection
	GlobalSection(ExtensibilityGlobals) = postSolution
		SolutionGuid = {7C41E7B3-5861-480E-A322-C344E8BEB29B}
	EndGlobalSection
EndGlobal
